
Microsoft Visual Studio Solution File, Format Version 12.00
# Visual Studio Version 17
VisualStudioVersion = 17.3.32825.248
MinimumVisualStudioVersion = 10.0.40219.1
Project("{9A19103F-16F7-4668-BE54-9A1E7A4F7556}") = "ConsoleApp1", "ConsoleApp1\ConsoleApp1.csproj", "{7B04DA72-B92D-4157-8575-7593B8C64E8A}"
EndProject
Project("{FAE04EC0-301F-11D3-BF4B-00C04F79EFBC}") = "Portfolio.Library", "Portfolio.Library\Portfolio.Library.csproj", "{64417390-C430-430E-95A9-627CDD8BB57D}"
EndProject
Global
	GlobalSection(SolutionConfigurationPlatforms) = preSolution
		Debug|Any CPU = Debug|Any CPU
		Release|Any CPU = Release|Any CPU
	EndGlobalSection
	GlobalSection(ProjectConfigurationPlatforms) = postSolution
		{7B04DA72-B92D-4157-8575-7593B8C64E8A}.Debug|Any CPU.ActiveCfg = Debug|Any CPU
		{7B04DA72-B92D-4157-8575-7593B8C64E8A}.Debug|Any CPU.Build.0 = Debug|Any CPU
		{7B04DA72-B92D-4157-8575-7593B8C64E8A}.Release|Any CPU.ActiveCfg = Release|Any CPU
		{7B04DA72-B92D-4157-8575-7593B8C64E8A}.Release|Any CPU.Build.0 = Release|Any CPU
		{64417390-C430-430E-95A9-627CDD8BB57D}.Debug|Any CPU.ActiveCfg = Debug|Any CPU
		{64417390-C430-430E-95A9-627CDD8BB57D}.Debug|Any CPU.Build.0 = Debug|Any CPU
		{64417390-C430-430E-95A9-627CDD8BB57D}.Release|Any CPU.ActiveCfg = Release|Any CPU
		{64417390-C430-430E-95A9-627CDD8BB57D}.Release|Any CPU.Build.0 = Release|Any CPU
	EndGlobalSection
	GlobalSection(SolutionProperties) = preSolution
		HideSolutionNode = FALSE
	EndGlobalSection
	GlobalSection(ExtensibilityGlobals) = postSolution
		SolutionGuid = {1B2275B4-8022-4221-B1DC-389AC8DFF51D}
	EndGlobalSection
EndGlobal
